// !$*UTF8*$!
{
	archiveVersion = 1;
	classes = {
	};
	objectVersion = 46;
	objects = {

/* Begin PBXBuildFile section */
		0E54F2881B81A03000BC351D /* AddResourceViewController.swift in Sources */ = {isa = PBXBuildFile; fileRef = 0E54F2871B81A03000BC351D /* AddResourceViewController.swift */; };
		0E54F28A1B81A3AE00BC351D /* AddResource.html in Resources */ = {isa = PBXBuildFile; fileRef = 0E54F2891B81A3AE00BC351D /* AddResource.html */; };
		0E54F28C1B81ADB600BC351D /* AddResource.css in Resources */ = {isa = PBXBuildFile; fileRef = 0E54F28B1B81ADB600BC351D /* AddResource.css */; };
		0E54F2901B81C62300BC351D /* addResource.js in Resources */ = {isa = PBXBuildFile; fileRef = 0E54F28F1B81C62300BC351D /* addResource.js */; };
		0E54F2921B81C65D00BC351D /* resource.js in Resources */ = {isa = PBXBuildFile; fileRef = 0E54F2911B81C65D00BC351D /* resource.js */; };
		0E581F971B7B5FB20065B72B /* AppDelegate.swift in Sources */ = {isa = PBXBuildFile; fileRef = 0E581F961B7B5FB20065B72B /* AppDelegate.swift */; };
		0E581F991B7B5FB20065B72B /* ResourceListViewController.swift in Sources */ = {isa = PBXBuildFile; fileRef = 0E581F981B7B5FB20065B72B /* ResourceListViewController.swift */; };
		0E581F9C1B7B5FB20065B72B /* Main.storyboard in Resources */ = {isa = PBXBuildFile; fileRef = 0E581F9A1B7B5FB20065B72B /* Main.storyboard */; };
		0E581F9E1B7B5FB20065B72B /* Images.xcassets in Resources */ = {isa = PBXBuildFile; fileRef = 0E581F9D1B7B5FB20065B72B /* Images.xcassets */; };
		0E581FA11B7B5FB20065B72B /* LaunchScreen.xib in Resources */ = {isa = PBXBuildFile; fileRef = 0E581F9F1B7B5FB20065B72B /* LaunchScreen.xib */; };
		0E581FAD1B7B5FB20065B72B /* HybridReadItIOSTests.swift in Sources */ = {isa = PBXBuildFile; fileRef = 0E581FAC1B7B5FB20065B72B /* HybridReadItIOSTests.swift */; };
		0E581FB71B7B61020065B72B /* ReadResource.swift in Sources */ = {isa = PBXBuildFile; fileRef = 0E581FB61B7B61020065B72B /* ReadResource.swift */; };
		0E581FBD1B7B633D0065B72B /* listResources.html in Resources */ = {isa = PBXBuildFile; fileRef = 0E581FBC1B7B633D0065B72B /* listResources.html */; };
		0E581FBF1B7B656B0065B72B /* listResources.css in Resources */ = {isa = PBXBuildFile; fileRef = 0E581FBE1B7B656B0065B72B /* listResources.css */; };
		0E581FC21B7B73F40065B72B /* listResource.js in Resources */ = {isa = PBXBuildFile; fileRef = 0E581FC11B7B73F40065B72B /* listResource.js */; };
		0E581FC41B7B74A10065B72B /* knockout.js in Resources */ = {isa = PBXBuildFile; fileRef = 0E581FC31B7B74A10065B72B /* knockout.js */; };
/* End PBXBuildFile section */

/* Begin PBXContainerItemProxy section */
		0E581FA71B7B5FB20065B72B /* PBXContainerItemProxy */ = {
			isa = PBXContainerItemProxy;
			containerPortal = 0E581F891B7B5FB20065B72B /* Project object */;
			proxyType = 1;
			remoteGlobalIDString = 0E581F901B7B5FB20065B72B;
			remoteInfo = HybridReadItIOS;
		};
/* End PBXContainerItemProxy section */

/* Begin PBXFileReference section */
		0E54F2871B81A03000BC351D /* AddResourceViewController.swift */ = {isa = PBXFileReference; fileEncoding = 4; lastKnownFileType = sourcecode.swift; name = AddResourceViewController.swift; path = ../AddResourceViewController.swift; sourceTree = "<group>"; };
		0E54F2891B81A3AE00BC351D /* AddResource.html */ = {isa = PBXFileReference; fileEncoding = 4; lastKnownFileType = text.html; path = AddResource.html; sourceTree = "<group>"; };
		0E54F28B1B81ADB600BC351D /* AddResource.css */ = {isa = PBXFileReference; fileEncoding = 4; lastKnownFileType = text.css; path = AddResource.css; sourceTree = "<group>"; };
		0E54F28F1B81C62300BC351D /* addResource.js */ = {isa = PBXFileReference; fileEncoding = 4; lastKnownFileType = sourcecode.javascript; path = addResource.js; sourceTree = "<group>"; };
		0E54F2911B81C65D00BC351D /* resource.js */ = {isa = PBXFileReference; fileEncoding = 4; lastKnownFileType = sourcecode.javascript; path = resource.js; sourceTree = "<group>"; };
		0E581F911B7B5FB20065B72B /* HybridReadItIOS.app */ = {isa = PBXFileReference; explicitFileType = wrapper.application; includeInIndex = 0; path = HybridReadItIOS.app; sourceTree = BUILT_PRODUCTS_DIR; };
		0E581F951B7B5FB20065B72B /* Info.plist */ = {isa = PBXFileReference; lastKnownFileType = text.plist.xml; path = Info.plist; sourceTree = "<group>"; };
		0E581F961B7B5FB20065B72B /* AppDelegate.swift */ = {isa = PBXFileReference; lastKnownFileType = sourcecode.swift; path = AppDelegate.swift; sourceTree = "<group>"; };
		0E581F981B7B5FB20065B72B /* ResourceListViewController.swift */ = {isa = PBXFileReference; lastKnownFileType = sourcecode.swift; path = ResourceListViewController.swift; sourceTree = "<group>"; };
		0E581F9B1B7B5FB20065B72B /* Base */ = {isa = PBXFileReference; lastKnownFileType = file.storyboard; name = Base; path = Base.lproj/Main.storyboard; sourceTree = "<group>"; };
		0E581F9D1B7B5FB20065B72B /* Images.xcassets */ = {isa = PBXFileReference; lastKnownFileType = folder.assetcatalog; path = Images.xcassets; sourceTree = "<group>"; };
		0E581FA01B7B5FB20065B72B /* Base */ = {isa = PBXFileReference; lastKnownFileType = file.xib; name = Base; path = Base.lproj/LaunchScreen.xib; sourceTree = "<group>"; };
		0E581FA61B7B5FB20065B72B /* HybridReadItIOSTests.xctest */ = {isa = PBXFileReference; explicitFileType = wrapper.cfbundle; includeInIndex = 0; path = HybridReadItIOSTests.xctest; sourceTree = BUILT_PRODUCTS_DIR; };
		0E581FAB1B7B5FB20065B72B /* Info.plist */ = {isa = PBXFileReference; lastKnownFileType = text.plist.xml; path = Info.plist; sourceTree = "<group>"; };
		0E581FAC1B7B5FB20065B72B /* HybridReadItIOSTests.swift */ = {isa = PBXFileReference; lastKnownFileType = sourcecode.swift; path = HybridReadItIOSTests.swift; sourceTree = "<group>"; };
		0E581FB61B7B61020065B72B /* ReadResource.swift */ = {isa = PBXFileReference; fileEncoding = 4; lastKnownFileType = sourcecode.swift; name = ReadResource.swift; path = ../ReadResource.swift; sourceTree = "<group>"; };
		0E581FBC1B7B633D0065B72B /* listResources.html */ = {isa = PBXFileReference; fileEncoding = 4; lastKnownFileType = text.html; path = listResources.html; sourceTree = "<group>"; };
		0E581FBE1B7B656B0065B72B /* listResources.css */ = {isa = PBXFileReference; fileEncoding = 4; lastKnownFileType = text.css; path = listResources.css; sourceTree = "<group>"; };
		0E581FC11B7B73F40065B72B /* listResource.js */ = {isa = PBXFileReference; fileEncoding = 4; lastKnownFileType = sourcecode.javascript; path = listResource.js; sourceTree = "<group>"; };
		0E581FC31B7B74A10065B72B /* knockout.js */ = {isa = PBXFileReference; fileEncoding = 4; lastKnownFileType = sourcecode.javascript; path = knockout.js; sourceTree = "<group>"; };
/* End PBXFileReference section */

/* Begin PBXFrameworksBuildPhase section */
		0E581F8E1B7B5FB20065B72B /* Frameworks */ = {
			isa = PBXFrameworksBuildPhase;
			buildActionMask = 2147483647;
			files = (
			);
			runOnlyForDeploymentPostprocessing = 0;
		};
		0E581FA31B7B5FB20065B72B /* Frameworks */ = {
			isa = PBXFrameworksBuildPhase;
			buildActionMask = 2147483647;
			files = (
			);
			runOnlyForDeploymentPostprocessing = 0;
		};
/* End PBXFrameworksBuildPhase section */

/* Begin PBXGroup section */
		0E581F881B7B5FB20065B72B = {
			isa = PBXGroup;
			children = (
				0E581FB81B7B61690065B72B /* Resources */,
				0E581F931B7B5FB20065B72B /* HybridReadItIOS */,
				0E581FA91B7B5FB20065B72B /* HybridReadItIOSTests */,
				0E581F921B7B5FB20065B72B /* Products */,
			);
			sourceTree = "<group>";
		};
		0E581F921B7B5FB20065B72B /* Products */ = {
			isa = PBXGroup;
			children = (
				0E581F911B7B5FB20065B72B /* HybridReadItIOS.app */,
				0E581FA61B7B5FB20065B72B /* HybridReadItIOSTests.xctest */,
			);
			name = Products;
			sourceTree = "<group>";
		};
		0E581F931B7B5FB20065B72B /* HybridReadItIOS */ = {
			isa = PBXGroup;
			children = (
				0E54F2871B81A03000BC351D /* AddResourceViewController.swift */,
				0E581F961B7B5FB20065B72B /* AppDelegate.swift */,
				0E581FB61B7B61020065B72B /* ReadResource.swift */,
				0E581F981B7B5FB20065B72B /* ResourceListViewController.swift */,
				0E581F9A1B7B5FB20065B72B /* Main.storyboard */,
				0E581F9D1B7B5FB20065B72B /* Images.xcassets */,
				0E581F9F1B7B5FB20065B72B /* LaunchScreen.xib */,
				0E581F941B7B5FB20065B72B /* Supporting Files */,
			);
			path = HybridReadItIOS;
			sourceTree = "<group>";
		};
		0E581F941B7B5FB20065B72B /* Supporting Files */ = {
			isa = PBXGroup;
			children = (
				0E581F951B7B5FB20065B72B /* Info.plist */,
			);
			name = "Supporting Files";
			sourceTree = "<group>";
		};
		0E581FA91B7B5FB20065B72B /* HybridReadItIOSTests */ = {
			isa = PBXGroup;
			children = (
				0E581FAC1B7B5FB20065B72B /* HybridReadItIOSTests.swift */,
				0E581FAA1B7B5FB20065B72B /* Supporting Files */,
			);
			path = HybridReadItIOSTests;
			sourceTree = "<group>";
		};
		0E581FAA1B7B5FB20065B72B /* Supporting Files */ = {
			isa = PBXGroup;
			children = (
				0E581FAB1B7B5FB20065B72B /* Info.plist */,
			);
			name = "Supporting Files";
			sourceTree = "<group>";
		};
		0E581FB81B7B61690065B72B /* Resources */ = {
			isa = PBXGroup;
			children = (
				0E581FC01B7B73E40065B72B /* JS */,
				0E581FBB1B7B61AB0065B72B /* CSS */,
				0E581FB91B7B617E0065B72B /* HTML */,
			);
			name = Resources;
			sourceTree = "<group>";
		};
		0E581FB91B7B617E0065B72B /* HTML */ = {
			isa = PBXGroup;
			children = (
				0E581FBC1B7B633D0065B72B /* listResources.html */,
				0E54F2891B81A3AE00BC351D /* AddResource.html */,
			);
			name = HTML;
			sourceTree = "<group>";
		};
		0E581FBB1B7B61AB0065B72B /* CSS */ = {
			isa = PBXGroup;
			children = (
				0E581FBE1B7B656B0065B72B /* listResources.css */,
				0E54F28B1B81ADB600BC351D /* AddResource.css */,
			);
			name = CSS;
			sourceTree = "<group>";
		};
		0E581FC01B7B73E40065B72B /* JS */ = {
			isa = PBXGroup;
			children = (
				0E581FC31B7B74A10065B72B /* knockout.js */,
				0E581FC11B7B73F40065B72B /* listResource.js */,
				0E54F28F1B81C62300BC351D /* addResource.js */,
				0E54F2911B81C65D00BC351D /* resource.js */,
			);
			name = JS;
			sourceTree = "<group>";
		};
/* End PBXGroup section */

/* Begin PBXNativeTarget section */
		0E581F901B7B5FB20065B72B /* HybridReadItIOS */ = {
			isa = PBXNativeTarget;
			buildConfigurationList = 0E581FB01B7B5FB20065B72B /* Build configuration list for PBXNativeTarget "HybridReadItIOS" */;
			buildPhases = (
				0E581F8D1B7B5FB20065B72B /* Sources */,
				0E581F8E1B7B5FB20065B72B /* Frameworks */,
				0E581F8F1B7B5FB20065B72B /* Resources */,
			);
			buildRules = (
			);
			dependencies = (
			);
			name = HybridReadItIOS;
			productName = HybridReadItIOS;
			productReference = 0E581F911B7B5FB20065B72B /* HybridReadItIOS.app */;
			productType = "com.apple.product-type.application";
		};
		0E581FA51B7B5FB20065B72B /* HybridReadItIOSTests */ = {
			isa = PBXNativeTarget;
			buildConfigurationList = 0E581FB31B7B5FB20065B72B /* Build configuration list for PBXNativeTarget "HybridReadItIOSTests" */;
			buildPhases = (
				0E581FA21B7B5FB20065B72B /* Sources */,
				0E581FA31B7B5FB20065B72B /* Frameworks */,
				0E581FA41B7B5FB20065B72B /* Resources */,
			);
			buildRules = (
			);
			dependencies = (
				0E581FA81B7B5FB20065B72B /* PBXTargetDependency */,
			);
			name = HybridReadItIOSTests;
			productName = HybridReadItIOSTests;
			productReference = 0E581FA61B7B5FB20065B72B /* HybridReadItIOSTests.xctest */;
			productType = "com.apple.product-type.bundle.unit-test";
		};
/* End PBXNativeTarget section */

/* Begin PBXProject section */
		0E581F891B7B5FB20065B72B /* Project object */ = {
			isa = PBXProject;
			attributes = {
				LastUpgradeCheck = 0630;
				ORGANIZATIONNAME = rajashrk;
				TargetAttributes = {
					0E581F901B7B5FB20065B72B = {
						CreatedOnToolsVersion = 6.3.2;
					};
					0E581FA51B7B5FB20065B72B = {
						CreatedOnToolsVersion = 6.3.2;
						TestTargetID = 0E581F901B7B5FB20065B72B;
					};
				};
			};
			buildConfigurationList = 0E581F8C1B7B5FB20065B72B /* Build configuration list for PBXProject "HybridReadItIOS" */;
			compatibilityVersion = "Xcode 3.2";
			developmentRegion = English;
			hasScannedForEncodings = 0;
			knownRegions = (
				en,
				Base,
			);
			mainGroup = 0E581F881B7B5FB20065B72B;
			productRefGroup = 0E581F921B7B5FB20065B72B /* Products */;
			projectDirPath = "";
			projectRoot = "";
			targets = (
				0E581F901B7B5FB20065B72B /* HybridReadItIOS */,
				0E581FA51B7B5FB20065B72B /* HybridReadItIOSTests */,
			);
		};
/* End PBXProject section */

/* Begin PBXResourcesBuildPhase section */
		0E581F8F1B7B5FB20065B72B /* Resources */ = {
			isa = PBXResourcesBuildPhase;
			buildActionMask = 2147483647;
			files = (
				0E581FC21B7B73F40065B72B /* listResource.js in Resources */,
				0E54F2921B81C65D00BC351D /* resource.js in Resources */,
				0E581FBD1B7B633D0065B72B /* listResources.html in Resources */,
				0E54F2901B81C62300BC351D /* addResource.js in Resources */,
				0E581FC41B7B74A10065B72B /* knockout.js in Resources */,
				0E581FBF1B7B656B0065B72B /* listResources.css in Resources */,
				0E54F28A1B81A3AE00BC351D /* AddResource.html in Resources */,
				0E581F9C1B7B5FB20065B72B /* Main.storyboard in Resources */,
				0E581FA11B7B5FB20065B72B /* LaunchScreen.xib in Resources */,
				0E581F9E1B7B5FB20065B72B /* Images.xcassets in Resources */,
				0E54F28C1B81ADB600BC351D /* AddResource.css in Resources */,
			);
			runOnlyForDeploymentPostprocessing = 0;
		};
		0E581FA41B7B5FB20065B72B /* Resources */ = {
			isa = PBXResourcesBuildPhase;
			buildActionMask = 2147483647;
			files = (
			);
			runOnlyForDeploymentPostprocessing = 0;
		};
/* End PBXResourcesBuildPhase section */

/* Begin PBXSourcesBuildPhase section */
		0E581F8D1B7B5FB20065B72B /* Sources */ = {
			isa = PBXSourcesBuildPhase;
			buildActionMask = 2147483647;
			files = (
				0E581F991B7B5FB20065B72B /* ResourceListViewController.swift in Sources */,
				0E581F971B7B5FB20065B72B /* AppDelegate.swift in Sources */,
				0E54F2881B81A03000BC351D /* AddResourceViewController.swift in Sources */,
				0E581FB71B7B61020065B72B /* ReadResource.swift in Sources */,
			);
			runOnlyForDeploymentPostprocessing = 0;
		};
		0E581FA21B7B5FB20065B72B /* Sources */ = {
			isa = PBXSourcesBuildPhase;
			buildActionMask = 2147483647;
			files = (
				0E581FAD1B7B5FB20065B72B /* HybridReadItIOSTests.swift in Sources */,
			);
			runOnlyForDeploymentPostprocessing = 0;
		};
/* End PBXSourcesBuildPhase section */

/* Begin PBXTargetDependency section */
		0E581FA81B7B5FB20065B72B /* PBXTargetDependency */ = {
			isa = PBXTargetDependency;
			target = 0E581F901B7B5FB20065B72B /* HybridReadItIOS */;
			targetProxy = 0E581FA71B7B5FB20065B72B /* PBXContainerItemProxy */;
		};
/* End PBXTargetDependency section */

/* Begin PBXVariantGroup section */
		0E581F9A1B7B5FB20065B72B /* Main.storyboard */ = {
			isa = PBXVariantGroup;
			children = (
				0E581F9B1B7B5FB20065B72B /* Base */,
			);
			name = Main.storyboard;
			sourceTree = "<group>";
		};
		0E581F9F1B7B5FB20065B72B /* LaunchScreen.xib */ = {
			isa = PBXVariantGroup;
			children = (
				0E581FA01B7B5FB20065B72B /* Base */,
			);
			name = LaunchScreen.xib;
			sourceTree = "<group>";
		};
/* End PBXVariantGroup section */

/* Begin XCBuildConfiguration section */
		0E581FAE1B7B5FB20065B72B /* Debug */ = {
			isa = XCBuildConfiguration;
			buildSettings = {
				ALWAYS_SEARCH_USER_PATHS = NO;
				CLANG_CXX_LANGUAGE_STANDARD = "gnu++0x";
				CLANG_CXX_LIBRARY = "libc++";
				CLANG_ENABLE_MODULES = YES;
				CLANG_ENABLE_OBJC_ARC = YES;
				CLANG_WARN_BOOL_CONVERSION = YES;
				CLANG_WARN_CONSTANT_CONVERSION = YES;
				CLANG_WARN_DIRECT_OBJC_ISA_USAGE = YES_ERROR;
				CLANG_WARN_EMPTY_BODY = YES;
				CLANG_WARN_ENUM_CONVERSION = YES;
				CLANG_WARN_INT_CONVERSION = YES;
				CLANG_WARN_OBJC_ROOT_CLASS = YES_ERROR;
				CLANG_WARN_UNREACHABLE_CODE = YES;
				CLANG_WARN__DUPLICATE_METHOD_MATCH = YES;
				"CODE_SIGN_IDENTITY[sdk=iphoneos*]" = "iPhone Developer";
				COPY_PHASE_STRIP = NO;
				DEBUG_INFORMATION_FORMAT = "dwarf-with-dsym";
				ENABLE_STRICT_OBJC_MSGSEND = YES;
				GCC_C_LANGUAGE_STANDARD = gnu99;
				GCC_DYNAMIC_NO_PIC = NO;
				GCC_NO_COMMON_BLOCKS = YES;
				GCC_OPTIMIZATION_LEVEL = 0;
				GCC_PREPROCESSOR_DEFINITIONS = (
					"DEBUG=1",
					"$(inherited)",
				);
				GCC_SYMBOLS_PRIVATE_EXTERN = NO;
				GCC_WARN_64_TO_32_BIT_CONVERSION = YES;
				GCC_WARN_ABOUT_RETURN_TYPE = YES_ERROR;
				GCC_WARN_UNDECLARED_SELECTOR = YES;
				GCC_WARN_UNINITIALIZED_AUTOS = YES_AGGRESSIVE;
				GCC_WARN_UNUSED_FUNCTION = YES;
				GCC_WARN_UNUSED_VARIABLE = YES;
				IPHONEOS_DEPLOYMENT_TARGET = 8.3;
				MTL_ENABLE_DEBUG_INFO = YES;
				ONLY_ACTIVE_ARCH = YES;
				SDKROOT = iphoneos;
				SWIFT_OPTIMIZATION_LEVEL = "-Onone";
				TARGETED_DEVICE_FAMILY = "1,2";
			};
			name = Debug;
		};
		0E581FAF1B7B5FB20065B72B /* Release */ = {
			isa = XCBuildConfiguration;
			buildSettings = {
				ALWAYS_SEARCH_USER_PATHS = NO;
				CLANG_CXX_LANGUAGE_STANDARD = "gnu++0x";
				CLANG_CXX_LIBRARY = "libc++";
				CLANG_ENABLE_MODULES = YES;
				CLANG_ENABLE_OBJC_ARC = YES;
				CLANG_WARN_BOOL_CONVERSION = YES;
				CLANG_WARN_CONSTANT_CONVERSION = YES;
				CLANG_WARN_DIRECT_OBJC_ISA_USAGE = YES_ERROR;
				CLANG_WARN_EMPTY_BODY = YES;
				CLANG_WARN_ENUM_CONVERSION = YES;
				CLANG_WARN_INT_CONVERSION = YES;
				CLANG_WARN_OBJC_ROOT_CLASS = YES_ERROR;
				CLANG_WARN_UNREACHABLE_CODE = YES;
				CLANG_WARN__DUPLICATE_METHOD_MATCH = YES;
				"CODE_SIGN_IDENTITY[sdk=iphoneos*]" = "iPhone Developer";
				COPY_PHASE_STRIP = NO;
				DEBUG_INFORMATION_FORMAT = "dwarf-with-dsym";
				ENABLE_NS_ASSERTIONS = NO;
				ENABLE_STRICT_OBJC_MSGSEND = YES;
				GCC_C_LANGUAGE_STANDARD = gnu99;
				GCC_NO_COMMON_BLOCKS = YES;
				GCC_WARN_64_TO_32_BIT_CONVERSION = YES;
				GCC_WARN_ABOUT_RETURN_TYPE = YES_ERROR;
				GCC_WARN_UNDECLARED_SELECTOR = YES;
				GCC_WARN_UNINITIALIZED_AUTOS = YES_AGGRESSIVE;
				GCC_WARN_UNUSED_FUNCTION = YES;
				GCC_WARN_UNUSED_VARIABLE = YES;
				IPHONEOS_DEPLOYMENT_TARGET = 8.3;
				MTL_ENABLE_DEBUG_INFO = NO;
				SDKROOT = iphoneos;
				TARGETED_DEVICE_FAMILY = "1,2";
				VALIDATE_PRODUCT = YES;
			};
			name = Release;
		};
		0E581FB11B7B5FB20065B72B /* Debug */ = {
			isa = XCBuildConfiguration;
			buildSettings = {
				ASSETCATALOG_COMPILER_APPICON_NAME = AppIcon;
				INFOPLIST_FILE = HybridReadItIOS/Info.plist;
				LD_RUNPATH_SEARCH_PATHS = "$(inherited) @executable_path/Frameworks";
				PRODUCT_NAME = "$(TARGET_NAME)";
			};
			name = Debug;
		};
		0E581FB21B7B5FB20065B72B /* Release */ = {
			isa = XCBuildConfiguration;
			buildSettings = {
				ASSETCATALOG_COMPILER_APPICON_NAME = AppIcon;
				INFOPLIST_FILE = HybridReadItIOS/Info.plist;
				LD_RUNPATH_SEARCH_PATHS = "$(inherited) @executable_path/Frameworks";
				PRODUCT_NAME = "$(TARGET_NAME)";
			};
			name = Release;
		};
		0E581FB41B7B5FB20065B72B /* Debug */ = {
			isa = XCBuildConfiguration;
			buildSettings = {
				BUNDLE_LOADER = "$(TEST_HOST)";
				FRAMEWORK_SEARCH_PATHS = (
					"$(SDKROOT)/Developer/Library/Frameworks",
					"$(inherited)",
				);
				GCC_PREPROCESSOR_DEFINITIONS = (
					"DEBUG=1",
					"$(inherited)",
				);
				INFOPLIST_FILE = HybridReadItIOSTests/Info.plist;
				LD_RUNPATH_SEARCH_PATHS = "$(inherited) @executable_path/Frameworks @loader_path/Frameworks";
				PRODUCT_NAME = "$(TARGET_NAME)";
				TEST_HOST = "$(BUILT_PRODUCTS_DIR)/HybridReadItIOS.app/HybridReadItIOS";
			};
			name = Debug;
		};
		0E581FB51B7B5FB20065B72B /* Release */ = {
			isa = XCBuildConfiguration;
			buildSettings = {
				BUNDLE_LOADER = "$(TEST_HOST)";
				FRAMEWORK_SEARCH_PATHS = (
					"$(SDKROOT)/Developer/Library/Frameworks",
					"$(inherited)",
				);
				INFOPLIST_FILE = HybridReadItIOSTests/Info.plist;
				LD_RUNPATH_SEARCH_PATHS = "$(inherited) @executable_path/Frameworks @loader_path/Frameworks";
				PRODUCT_NAME = "$(TARGET_NAME)";
				TEST_HOST = "$(BUILT_PRODUCTS_DIR)/HybridReadItIOS.app/HybridReadItIOS";
			};
			name = Release;
		};
/* End XCBuildConfiguration section */

/* Begin XCConfigurationList section */
		0E581F8C1B7B5FB20065B72B /* Build configuration list for PBXProject "HybridReadItIOS" */ = {
			isa = XCConfigurationList;
			buildConfigurations = (
				0E581FAE1B7B5FB20065B72B /* Debug */,
				0E581FAF1B7B5FB20065B72B /* Release */,
			);
			defaultConfigurationIsVisible = 0;
			defaultConfigurationName = Release;
		};
		0E581FB01B7B5FB20065B72B /* Build configuration list for PBXNativeTarget "HybridReadItIOS" */ = {
			isa = XCConfigurationList;
			buildConfigurations = (
				0E581FB11B7B5FB20065B72B /* Debug */,
				0E581FB21B7B5FB20065B72B /* Release */,
			);
			defaultConfigurationIsVisible = 0;
			defaultConfigurationName = Release;
		};
		0E581FB31B7B5FB20065B72B /* Build configuration list for PBXNativeTarget "HybridReadItIOSTests" */ = {
			isa = XCConfigurationList;
			buildConfigurations = (
				0E581FB41B7B5FB20065B72B /* Debug */,
				0E581FB51B7B5FB20065B72B /* Release */,
			);
			defaultConfigurationIsVisible = 0;
			defaultConfigurationName = Release;
		};
/* End XCConfigurationList section */
	};
	rootObject = 0E581F891B7B5FB20065B72B /* Project object */;
}
